
Microsoft Visual Studio Solution File, Format Version 12.00
# Visual Studio Version 17
VisualStudioVersion = 17.0.31912.275
MinimumVisualStudioVersion = 10.0.40219.1
Project("{FAE04EC0-301F-11D3-BF4B-00C04F79EFBC}") = "Praktos5", "Praktos5\Praktos5.csproj", "{1B08155B-A39E-4D98-BDD6-82E3FFB86847}"
EndProject
Global
	GlobalSection(SolutionConfigurationPlatforms) = preSolution
		Debug|Any CPU = Debug|Any CPU
		Release|Any CPU = Release|Any CPU
	EndGlobalSection
	GlobalSection(ProjectConfigurationPlatforms) = postSolution
		{1B08155B-A39E-4D98-BDD6-82E3FFB86847}.Debug|Any CPU.ActiveCfg = Debug|Any CPU
		{1B08155B-A39E-4D98-BDD6-82E3FFB86847}.Debug|Any CPU.Build.0 = Debug|Any CPU
		{1B08155B-A39E-4D98-BDD6-82E3FFB86847}.Release|Any CPU.ActiveCfg = Release|Any CPU
		{1B08155B-A39E-4D98-BDD6-82E3FFB86847}.Release|Any CPU.Build.0 = Release|Any CPU
	EndGlobalSection
	GlobalSection(SolutionProperties) = preSolution
		HideSolutionNode = FALSE
	EndGlobalSection
	GlobalSection(ExtensibilityGlobals) = postSolution
		SolutionGuid = {2BBBEB3E-5CBC-48E1-8412-36B99A500CD7}
	EndGlobalSection
EndGlobal
